// !$*UTF8*$!
{
	archiveVersion = 1;
	classes = {
	};
	objectVersion = 46;
	objects = {

/* Begin PBXBuildFile section */
		1B17E87D18A2C25200EA3716 /* SearchResult.m in Sources */ = {isa = PBXBuildFile; fileRef = 1B17E87C18A2C25200EA3716 /* SearchResult.m */; };
		1B17E88E18A2DF6B00EA3716 /* BarTexture.png in Resources */ = {isa = PBXBuildFile; fileRef = 1B17E87F18A2DF6B00EA3716 /* BarTexture.png */; };
		1B17E88F18A2DF6B00EA3716 /* BarTexture@2x.png in Resources */ = {isa = PBXBuildFile; fileRef = 1B17E88018A2DF6B00EA3716 /* BarTexture@2x.png */; };
		1B17E89018A2DF6B00EA3716 /* CloseButton.png in Resources */ = {isa = PBXBuildFile; fileRef = 1B17E88118A2DF6B00EA3716 /* CloseButton.png */; };
		1B17E89118A2DF6B00EA3716 /* CloseButton@2x.png in Resources */ = {isa = PBXBuildFile; fileRef = 1B17E88218A2DF6B00EA3716 /* CloseButton@2x.png */; };
		1B17E89218A2DF6B00EA3716 /* DetailPlaceholder.png in Resources */ = {isa = PBXBuildFile; fileRef = 1B17E88318A2DF6B00EA3716 /* DetailPlaceholder.png */; };
		1B17E89318A2DF6B00EA3716 /* DetailPlaceholder@2x.png in Resources */ = {isa = PBXBuildFile; fileRef = 1B17E88418A2DF6B00EA3716 /* DetailPlaceholder@2x.png */; };
		1B17E89418A2DF6B00EA3716 /* LandscapeBackground.png in Resources */ = {isa = PBXBuildFile; fileRef = 1B17E88518A2DF6B00EA3716 /* LandscapeBackground.png */; };
		1B17E89518A2DF6B00EA3716 /* LandscapeButton.png in Resources */ = {isa = PBXBuildFile; fileRef = 1B17E88618A2DF6B00EA3716 /* LandscapeButton.png */; };
		1B17E89618A2DF6B00EA3716 /* LandscapeButton@2x.png in Resources */ = {isa = PBXBuildFile; fileRef = 1B17E88718A2DF6B00EA3716 /* LandscapeButton@2x.png */; };
		1B17E89718A2DF6B00EA3716 /* Placeholder.png in Resources */ = {isa = PBXBuildFile; fileRef = 1B17E88818A2DF6B00EA3716 /* Placeholder.png */; };
		1B17E89818A2DF6B00EA3716 /* Placeholder@2x.png in Resources */ = {isa = PBXBuildFile; fileRef = 1B17E88918A2DF6B00EA3716 /* Placeholder@2x.png */; };
		1B17E89918A2DF6B00EA3716 /* SelectedTableCellGradient.png in Resources */ = {isa = PBXBuildFile; fileRef = 1B17E88A18A2DF6B00EA3716 /* SelectedTableCellGradient.png */; };
		1B17E89A18A2DF6B00EA3716 /* StoreButton.png in Resources */ = {isa = PBXBuildFile; fileRef = 1B17E88B18A2DF6B00EA3716 /* StoreButton.png */; };
		1B17E89B18A2DF6B00EA3716 /* StoreButton@2x.png in Resources */ = {isa = PBXBuildFile; fileRef = 1B17E88C18A2DF6B00EA3716 /* StoreButton@2x.png */; };
		1B17E89C18A2DF6B00EA3716 /* TableCellGradient.png in Resources */ = {isa = PBXBuildFile; fileRef = 1B17E88D18A2DF6B00EA3716 /* TableCellGradient.png */; };
		1B17E89E18A2E0CC00EA3716 /* SearchResultCell.xib in Resources */ = {isa = PBXBuildFile; fileRef = 1B17E89D18A2E0CC00EA3716 /* SearchResultCell.xib */; };
		1B17E8A118A2E8B200EA3716 /* SearchResultCell.m in Sources */ = {isa = PBXBuildFile; fileRef = 1B17E8A018A2E8B200EA3716 /* SearchResultCell.m */; };
		1BB34F1618A213850082F53A /* Foundation.framework in Frameworks */ = {isa = PBXBuildFile; fileRef = 1BB34F1518A213850082F53A /* Foundation.framework */; };
		1BB34F1818A213850082F53A /* CoreGraphics.framework in Frameworks */ = {isa = PBXBuildFile; fileRef = 1BB34F1718A213850082F53A /* CoreGraphics.framework */; };
		1BB34F1A18A213850082F53A /* UIKit.framework in Frameworks */ = {isa = PBXBuildFile; fileRef = 1BB34F1918A213850082F53A /* UIKit.framework */; };
		1BB34F1C18A213850082F53A /* CoreData.framework in Frameworks */ = {isa = PBXBuildFile; fileRef = 1BB34F1B18A213850082F53A /* CoreData.framework */; };
		1BB34F2218A213850082F53A /* InfoPlist.strings in Resources */ = {isa = PBXBuildFile; fileRef = 1BB34F2018A213850082F53A /* InfoPlist.strings */; };
		1BB34F2418A213850082F53A /* main.m in Sources */ = {isa = PBXBuildFile; fileRef = 1BB34F2318A213850082F53A /* main.m */; };
		1BB34F2818A213850082F53A /* AppDelegate.m in Sources */ = {isa = PBXBuildFile; fileRef = 1BB34F2718A213850082F53A /* AppDelegate.m */; };
		1BB34F2B18A213850082F53A /* StoreSearch.xcdatamodeld in Sources */ = {isa = PBXBuildFile; fileRef = 1BB34F2918A213850082F53A /* StoreSearch.xcdatamodeld */; };
		1BB34F2D18A213850082F53A /* Images.xcassets in Resources */ = {isa = PBXBuildFile; fileRef = 1BB34F2C18A213850082F53A /* Images.xcassets */; };
		1BB34F3418A213860082F53A /* XCTest.framework in Frameworks */ = {isa = PBXBuildFile; fileRef = 1BB34F3318A213860082F53A /* XCTest.framework */; };
		1BB34F3518A213860082F53A /* Foundation.framework in Frameworks */ = {isa = PBXBuildFile; fileRef = 1BB34F1518A213850082F53A /* Foundation.framework */; };
		1BB34F3618A213860082F53A /* UIKit.framework in Frameworks */ = {isa = PBXBuildFile; fileRef = 1BB34F1918A213850082F53A /* UIKit.framework */; };
		1BB34F3718A213860082F53A /* CoreData.framework in Frameworks */ = {isa = PBXBuildFile; fileRef = 1BB34F1B18A213850082F53A /* CoreData.framework */; };
		1BB34F3F18A213860082F53A /* InfoPlist.strings in Resources */ = {isa = PBXBuildFile; fileRef = 1BB34F3D18A213860082F53A /* InfoPlist.strings */; };
		1BB34F4118A213860082F53A /* StoreSearchTests.m in Sources */ = {isa = PBXBuildFile; fileRef = 1BB34F4018A213860082F53A /* StoreSearchTests.m */; };
		1BB34F4D18A213CC0082F53A /* SearchViewController.m in Sources */ = {isa = PBXBuildFile; fileRef = 1BB34F4B18A213CC0082F53A /* SearchViewController.m */; };
		1BB34F4E18A213CC0082F53A /* SearchViewController.xib in Resources */ = {isa = PBXBuildFile; fileRef = 1BB34F4C18A213CC0082F53A /* SearchViewController.xib */; };
		1BEAA83318A2F8BF003F755E /* NothingFoundCell.xib in Resources */ = {isa = PBXBuildFile; fileRef = 1BEAA83218A2F8BF003F755E /* NothingFoundCell.xib */; };
		1BEAA83518A31A05003F755E /* LoadingCell.xib in Resources */ = {isa = PBXBuildFile; fileRef = 1BEAA83418A31A05003F755E /* LoadingCell.xib */; };
		1BEAA84D18A3237C003F755E /* AFHTTPClient.m in Sources */ = {isa = PBXBuildFile; fileRef = 1BEAA83818A3237C003F755E /* AFHTTPClient.m */; settings = {COMPILER_FLAGS = "-fno-objc-arc -Wno-unused"; }; };
		1BEAA84E18A3237C003F755E /* AFHTTPRequestOperation.m in Sources */ = {isa = PBXBuildFile; fileRef = 1BEAA83A18A3237C003F755E /* AFHTTPRequestOperation.m */; settings = {COMPILER_FLAGS = "-fno-objc-arc"; }; };
		1BEAA84F18A3237C003F755E /* AFImageCache.m in Sources */ = {isa = PBXBuildFile; fileRef = 1BEAA83C18A3237C003F755E /* AFImageCache.m */; settings = {COMPILER_FLAGS = "-fno-objc-arc"; }; };
		1BEAA85018A3237C003F755E /* AFImageRequestOperation.m in Sources */ = {isa = PBXBuildFile; fileRef = 1BEAA83E18A3237C003F755E /* AFImageRequestOperation.m */; settings = {COMPILER_FLAGS = "-fno-objc-arc"; }; };
		1BEAA85118A3237C003F755E /* AFJSONRequestOperation.m in Sources */ = {isa = PBXBuildFile; fileRef = 1BEAA84018A3237C003F755E /* AFJSONRequestOperation.m */; settings = {COMPILER_FLAGS = "-fno-objc-arc -Wno-unused"; }; };
		1BEAA85218A3237C003F755E /* AFNetworkActivityIndicatorManager.m in Sources */ = {isa = PBXBuildFile; fileRef = 1BEAA84318A3237C003F755E /* AFNetworkActivityIndicatorManager.m */; settings = {COMPILER_FLAGS = "-fno-objc-arc"; }; };
		1BEAA85318A3237C003F755E /* AFPropertyListRequestOperation.m in Sources */ = {isa = PBXBuildFile; fileRef = 1BEAA84618A3237C003F755E /* AFPropertyListRequestOperation.m */; settings = {COMPILER_FLAGS = "-fno-objc-arc"; }; };
		1BEAA85418A3237C003F755E /* AFURLConnectionOperation.m in Sources */ = {isa = PBXBuildFile; fileRef = 1BEAA84818A3237C003F755E /* AFURLConnectionOperation.m */; settings = {COMPILER_FLAGS = "-fno-objc-arc"; }; };
		1BEAA85518A3237C003F755E /* AFXMLRequestOperation.m in Sources */ = {isa = PBXBuildFile; fileRef = 1BEAA84A18A3237C003F755E /* AFXMLRequestOperation.m */; settings = {COMPILER_FLAGS = "-fno-objc-arc -Wno-unused"; }; };
		1BEAA85618A3237C003F755E /* UIImageView+AFNetworking.m in Sources */ = {isa = PBXBuildFile; fileRef = 1BEAA84C18A3237C003F755E /* UIImageView+AFNetworking.m */; settings = {COMPILER_FLAGS = "-fno-objc-arc"; }; };
/* End PBXBuildFile section */

/* Begin PBXContainerItemProxy section */
		1BB34F3818A213860082F53A /* PBXContainerItemProxy */ = {
			isa = PBXContainerItemProxy;
			containerPortal = 1BB34F0A18A213850082F53A /* Project object */;
			proxyType = 1;
			remoteGlobalIDString = 1BB34F1118A213850082F53A;
			remoteInfo = StoreSearch;
		};
/* End PBXContainerItemProxy section */

/* Begin PBXFileReference section */
		1B17E87B18A2C25200EA3716 /* SearchResult.h */ = {isa = PBXFileReference; fileEncoding = 4; lastKnownFileType = sourcecode.c.h; path = SearchResult.h; sourceTree = "<group>"; };
		1B17E87C18A2C25200EA3716 /* SearchResult.m */ = {isa = PBXFileReference; fileEncoding = 4; lastKnownFileType = sourcecode.c.objc; path = SearchResult.m; sourceTree = "<group>"; };
		1B17E87F18A2DF6B00EA3716 /* BarTexture.png */ = {isa = PBXFileReference; lastKnownFileType = image.png; path = BarTexture.png; sourceTree = "<group>"; };
		1B17E88018A2DF6B00EA3716 /* BarTexture@2x.png */ = {isa = PBXFileReference; lastKnownFileType = image.png; path = "BarTexture@2x.png"; sourceTree = "<group>"; };
		1B17E88118A2DF6B00EA3716 /* CloseButton.png */ = {isa = PBXFileReference; lastKnownFileType = image.png; path = CloseButton.png; sourceTree = "<group>"; };
		1B17E88218A2DF6B00EA3716 /* CloseButton@2x.png */ = {isa = PBXFileReference; lastKnownFileType = image.png; path = "CloseButton@2x.png"; sourceTree = "<group>"; };
		1B17E88318A2DF6B00EA3716 /* DetailPlaceholder.png */ = {isa = PBXFileReference; lastKnownFileType = image.png; path = DetailPlaceholder.png; sourceTree = "<group>"; };
		1B17E88418A2DF6B00EA3716 /* DetailPlaceholder@2x.png */ = {isa = PBXFileReference; lastKnownFileType = image.png; path = "DetailPlaceholder@2x.png"; sourceTree = "<group>"; };
		1B17E88518A2DF6B00EA3716 /* LandscapeBackground.png */ = {isa = PBXFileReference; lastKnownFileType = image.png; path = LandscapeBackground.png; sourceTree = "<group>"; };
		1B17E88618A2DF6B00EA3716 /* LandscapeButton.png */ = {isa = PBXFileReference; lastKnownFileType = image.png; path = LandscapeButton.png; sourceTree = "<group>"; };
		1B17E88718A2DF6B00EA3716 /* LandscapeButton@2x.png */ = {isa = PBXFileReference; lastKnownFileType = image.png; path = "LandscapeButton@2x.png"; sourceTree = "<group>"; };
		1B17E88818A2DF6B00EA3716 /* Placeholder.png */ = {isa = PBXFileReference; lastKnownFileType = image.png; path = Placeholder.png; sourceTree = "<group>"; };
		1B17E88918A2DF6B00EA3716 /* Placeholder@2x.png */ = {isa = PBXFileReference; lastKnownFileType = image.png; path = "Placeholder@2x.png"; sourceTree = "<group>"; };
		1B17E88A18A2DF6B00EA3716 /* SelectedTableCellGradient.png */ = {isa = PBXFileReference; lastKnownFileType = image.png; path = SelectedTableCellGradient.png; sourceTree = "<group>"; };
		1B17E88B18A2DF6B00EA3716 /* StoreButton.png */ = {isa = PBXFileReference; lastKnownFileType = image.png; path = StoreButton.png; sourceTree = "<group>"; };
		1B17E88C18A2DF6B00EA3716 /* StoreButton@2x.png */ = {isa = PBXFileReference; lastKnownFileType = image.png; path = "StoreButton@2x.png"; sourceTree = "<group>"; };
		1B17E88D18A2DF6B00EA3716 /* TableCellGradient.png */ = {isa = PBXFileReference; lastKnownFileType = image.png; path = TableCellGradient.png; sourceTree = "<group>"; };
		1B17E89D18A2E0CC00EA3716 /* SearchResultCell.xib */ = {isa = PBXFileReference; fileEncoding = 4; lastKnownFileType = file.xib; name = SearchResultCell.xib; path = ViewControllers/SearchResultCell.xib; sourceTree = "<group>"; };
		1B17E89F18A2E8B200EA3716 /* SearchResultCell.h */ = {isa = PBXFileReference; fileEncoding = 4; lastKnownFileType = sourcecode.c.h; path = SearchResultCell.h; sourceTree = "<group>"; };
		1B17E8A018A2E8B200EA3716 /* SearchResultCell.m */ = {isa = PBXFileReference; fileEncoding = 4; lastKnownFileType = sourcecode.c.objc; path = SearchResultCell.m; sourceTree = "<group>"; };
		1BB34F1218A213850082F53A /* StoreSearch.app */ = {isa = PBXFileReference; explicitFileType = wrapper.application; includeInIndex = 0; path = StoreSearch.app; sourceTree = BUILT_PRODUCTS_DIR; };
		1BB34F1518A213850082F53A /* Foundation.framework */ = {isa = PBXFileReference; lastKnownFileType = wrapper.framework; name = Foundation.framework; path = System/Library/Frameworks/Foundation.framework; sourceTree = SDKROOT; };
		1BB34F1718A213850082F53A /* CoreGraphics.framework */ = {isa = PBXFileReference; lastKnownFileType = wrapper.framework; name = CoreGraphics.framework; path = System/Library/Frameworks/CoreGraphics.framework; sourceTree = SDKROOT; };
		1BB34F1918A213850082F53A /* UIKit.framework */ = {isa = PBXFileReference; lastKnownFileType = wrapper.framework; name = UIKit.framework; path = System/Library/Frameworks/UIKit.framework; sourceTree = SDKROOT; };
		1BB34F1B18A213850082F53A /* CoreData.framework */ = {isa = PBXFileReference; lastKnownFileType = wrapper.framework; name = CoreData.framework; path = System/Library/Frameworks/CoreData.framework; sourceTree = SDKROOT; };
		1BB34F1F18A213850082F53A /* StoreSearch-Info.plist */ = {isa = PBXFileReference; lastKnownFileType = text.plist.xml; path = "StoreSearch-Info.plist"; sourceTree = "<group>"; };
		1BB34F2118A213850082F53A /* en */ = {isa = PBXFileReference; lastKnownFileType = text.plist.strings; name = en; path = en.lproj/InfoPlist.strings; sourceTree = "<group>"; };
		1BB34F2318A213850082F53A /* main.m */ = {isa = PBXFileReference; lastKnownFileType = sourcecode.c.objc; path = main.m; sourceTree = "<group>"; };
		1BB34F2518A213850082F53A /* StoreSearch-Prefix.pch */ = {isa = PBXFileReference; lastKnownFileType = sourcecode.c.h; path = "StoreSearch-Prefix.pch"; sourceTree = "<group>"; };
		1BB34F2618A213850082F53A /* AppDelegate.h */ = {isa = PBXFileReference; lastKnownFileType = sourcecode.c.h; path = AppDelegate.h; sourceTree = "<group>"; };
		1BB34F2718A213850082F53A /* AppDelegate.m */ = {isa = PBXFileReference; lastKnownFileType = sourcecode.c.objc; path = AppDelegate.m; sourceTree = "<group>"; };
		1BB34F2A18A213850082F53A /* StoreSearch.xcdatamodel */ = {isa = PBXFileReference; lastKnownFileType = wrapper.xcdatamodel; path = StoreSearch.xcdatamodel; sourceTree = "<group>"; };
		1BB34F2C18A213850082F53A /* Images.xcassets */ = {isa = PBXFileReference; lastKnownFileType = folder.assetcatalog; path = Images.xcassets; sourceTree = "<group>"; };
		1BB34F3218A213860082F53A /* StoreSearchTests.xctest */ = {isa = PBXFileReference; explicitFileType = wrapper.cfbundle; includeInIndex = 0; path = StoreSearchTests.xctest; sourceTree = BUILT_PRODUCTS_DIR; };
		1BB34F3318A213860082F53A /* XCTest.framework */ = {isa = PBXFileReference; lastKnownFileType = wrapper.framework; name = XCTest.framework; path = Library/Frameworks/XCTest.framework; sourceTree = DEVELOPER_DIR; };
		1BB34F3C18A213860082F53A /* StoreSearchTests-Info.plist */ = {isa = PBXFileReference; lastKnownFileType = text.plist.xml; path = "StoreSearchTests-Info.plist"; sourceTree = "<group>"; };
		1BB34F3E18A213860082F53A /* en */ = {isa = PBXFileReference; lastKnownFileType = text.plist.strings; name = en; path = en.lproj/InfoPlist.strings; sourceTree = "<group>"; };
		1BB34F4018A213860082F53A /* StoreSearchTests.m */ = {isa = PBXFileReference; lastKnownFileType = sourcecode.c.objc; path = StoreSearchTests.m; sourceTree = "<group>"; };
		1BB34F4A18A213CC0082F53A /* SearchViewController.h */ = {isa = PBXFileReference; fileEncoding = 4; lastKnownFileType = sourcecode.c.h; name = SearchViewController.h; path = ViewControllers/SearchViewController.h; sourceTree = "<group>"; };
		1BB34F4B18A213CC0082F53A /* SearchViewController.m */ = {isa = PBXFileReference; fileEncoding = 4; lastKnownFileType = sourcecode.c.objc; name = SearchViewController.m; path = ViewControllers/SearchViewController.m; sourceTree = "<group>"; };
		1BB34F4C18A213CC0082F53A /* SearchViewController.xib */ = {isa = PBXFileReference; fileEncoding = 4; lastKnownFileType = file.xib; name = SearchViewController.xib; path = ViewControllers/SearchViewController.xib; sourceTree = "<group>"; };
		1BEAA83218A2F8BF003F755E /* NothingFoundCell.xib */ = {isa = PBXFileReference; fileEncoding = 4; lastKnownFileType = file.xib; path = NothingFoundCell.xib; sourceTree = "<group>"; };
		1BEAA83418A31A05003F755E /* LoadingCell.xib */ = {isa = PBXFileReference; fileEncoding = 4; lastKnownFileType = file.xib; path = LoadingCell.xib; sourceTree = "<group>"; };
		1BEAA83718A3237C003F755E /* AFHTTPClient.h */ = {isa = PBXFileReference; fileEncoding = 4; lastKnownFileType = sourcecode.c.h; path = AFHTTPClient.h; sourceTree = "<group>"; };
		1BEAA83818A3237C003F755E /* AFHTTPClient.m */ = {isa = PBXFileReference; fileEncoding = 4; lastKnownFileType = sourcecode.c.objc; path = AFHTTPClient.m; sourceTree = "<group>"; };
		1BEAA83918A3237C003F755E /* AFHTTPRequestOperation.h */ = {isa = PBXFileReference; fileEncoding = 4; lastKnownFileType = sourcecode.c.h; path = AFHTTPRequestOperation.h; sourceTree = "<group>"; };
		1BEAA83A18A3237C003F755E /* AFHTTPRequestOperation.m */ = {isa = PBXFileReference; fileEncoding = 4; lastKnownFileType = sourcecode.c.objc; path = AFHTTPRequestOperation.m; sourceTree = "<group>"; };
		1BEAA83B18A3237C003F755E /* AFImageCache.h */ = {isa = PBXFileReference; fileEncoding = 4; lastKnownFileType = sourcecode.c.h; path = AFImageCache.h; sourceTree = "<group>"; };
		1BEAA83C18A3237C003F755E /* AFImageCache.m */ = {isa = PBXFileReference; fileEncoding = 4; lastKnownFileType = sourcecode.c.objc; path = AFImageCache.m; sourceTree = "<group>"; };
		1BEAA83D18A3237C003F755E /* AFImageRequestOperation.h */ = {isa = PBXFileReference; fileEncoding = 4; lastKnownFileType = sourcecode.c.h; path = AFImageRequestOperation.h; sourceTree = "<group>"; };
		1BEAA83E18A3237C003F755E /* AFImageRequestOperation.m */ = {isa = PBXFileReference; fileEncoding = 4; lastKnownFileType = sourcecode.c.objc; path = AFImageRequestOperation.m; sourceTree = "<group>"; };
		1BEAA83F18A3237C003F755E /* AFJSONRequestOperation.h */ = {isa = PBXFileReference; fileEncoding = 4; lastKnownFileType = sourcecode.c.h; path = AFJSONRequestOperation.h; sourceTree = "<group>"; };
		1BEAA84018A3237C003F755E /* AFJSONRequestOperation.m */ = {isa = PBXFileReference; fileEncoding = 4; lastKnownFileType = sourcecode.c.objc; path = AFJSONRequestOperation.m; sourceTree = "<group>"; };
		1BEAA84118A3237C003F755E /* AFJSONUtilities.h */ = {isa = PBXFileReference; fileEncoding = 4; lastKnownFileType = sourcecode.c.h; path = AFJSONUtilities.h; sourceTree = "<group>"; };
		1BEAA84218A3237C003F755E /* AFNetworkActivityIndicatorManager.h */ = {isa = PBXFileReference; fileEncoding = 4; lastKnownFileType = sourcecode.c.h; path = AFNetworkActivityIndicatorManager.h; sourceTree = "<group>"; };
		1BEAA84318A3237C003F755E /* AFNetworkActivityIndicatorManager.m */ = {isa = PBXFileReference; fileEncoding = 4; lastKnownFileType = sourcecode.c.objc; path = AFNetworkActivityIndicatorManager.m; sourceTree = "<group>"; };
		1BEAA84418A3237C003F755E /* AFNetworking.h */ = {isa = PBXFileReference; fileEncoding = 4; lastKnownFileType = sourcecode.c.h; path = AFNetworking.h; sourceTree = "<group>"; };
		1BEAA84518A3237C003F755E /* AFPropertyListRequestOperation.h */ = {isa = PBXFileReference; fileEncoding = 4; lastKnownFileType = sourcecode.c.h; path = AFPropertyListRequestOperation.h; sourceTree = "<group>"; };
		1BEAA84618A3237C003F755E /* AFPropertyListRequestOperation.m */ = {isa = PBXFileReference; fileEncoding = 4; lastKnownFileType = sourcecode.c.objc; path = AFPropertyListRequestOperation.m; sourceTree = "<group>"; };
		1BEAA84718A3237C003F755E /* AFURLConnectionOperation.h */ = {isa = PBXFileReference; fileEncoding = 4; lastKnownFileType = sourcecode.c.h; path = AFURLConnectionOperation.h; sourceTree = "<group>"; };
		1BEAA84818A3237C003F755E /* AFURLConnectionOperation.m */ = {isa = PBXFileReference; fileEncoding = 4; lastKnownFileType = sourcecode.c.objc; path = AFURLConnectionOperation.m; sourceTree = "<group>"; };
		1BEAA84918A3237C003F755E /* AFXMLRequestOperation.h */ = {isa = PBXFileReference; fileEncoding = 4; lastKnownFileType = sourcecode.c.h; path = AFXMLRequestOperation.h; sourceTree = "<group>"; };
		1BEAA84A18A3237C003F755E /* AFXMLRequestOperation.m */ = {isa = PBXFileReference; fileEncoding = 4; lastKnownFileType = sourcecode.c.objc; path = AFXMLRequestOperation.m; sourceTree = "<group>"; };
		1BEAA84B18A3237C003F755E /* UIImageView+AFNetworking.h */ = {isa = PBXFileReference; fileEncoding = 4; lastKnownFileType = sourcecode.c.h; path = "UIImageView+AFNetworking.h"; sourceTree = "<group>"; };
		1BEAA84C18A3237C003F755E /* UIImageView+AFNetworking.m */ = {isa = PBXFileReference; fileEncoding = 4; lastKnownFileType = sourcecode.c.objc; path = "UIImageView+AFNetworking.m"; sourceTree = "<group>"; };
/* End PBXFileReference section */

/* Begin PBXFrameworksBuildPhase section */
		1BB34F0F18A213850082F53A /* Frameworks */ = {
			isa = PBXFrameworksBuildPhase;
			buildActionMask = 2147483647;
			files = (
				1BB34F1818A213850082F53A /* CoreGraphics.framework in Frameworks */,
				1BB34F1C18A213850082F53A /* CoreData.framework in Frameworks */,
				1BB34F1A18A213850082F53A /* UIKit.framework in Frameworks */,
				1BB34F1618A213850082F53A /* Foundation.framework in Frameworks */,
			);
			runOnlyForDeploymentPostprocessing = 0;
		};
		1BB34F2F18A213860082F53A /* Frameworks */ = {
			isa = PBXFrameworksBuildPhase;
			buildActionMask = 2147483647;
			files = (
				1BB34F3418A213860082F53A /* XCTest.framework in Frameworks */,
				1BB34F3718A213860082F53A /* CoreData.framework in Frameworks */,
				1BB34F3618A213860082F53A /* UIKit.framework in Frameworks */,
				1BB34F3518A213860082F53A /* Foundation.framework in Frameworks */,
			);
			runOnlyForDeploymentPostprocessing = 0;
		};
/* End PBXFrameworksBuildPhase section */

/* Begin PBXGroup section */
		1B17E87E18A2DF6B00EA3716 /* Images */ = {
			isa = PBXGroup;
			children = (
				1B17E87F18A2DF6B00EA3716 /* BarTexture.png */,
				1B17E88018A2DF6B00EA3716 /* BarTexture@2x.png */,
				1B17E88118A2DF6B00EA3716 /* CloseButton.png */,
				1B17E88218A2DF6B00EA3716 /* CloseButton@2x.png */,
				1B17E88318A2DF6B00EA3716 /* DetailPlaceholder.png */,
				1B17E88418A2DF6B00EA3716 /* DetailPlaceholder@2x.png */,
				1B17E88518A2DF6B00EA3716 /* LandscapeBackground.png */,
				1B17E88618A2DF6B00EA3716 /* LandscapeButton.png */,
				1B17E88718A2DF6B00EA3716 /* LandscapeButton@2x.png */,
				1B17E88818A2DF6B00EA3716 /* Placeholder.png */,
				1B17E88918A2DF6B00EA3716 /* Placeholder@2x.png */,
				1B17E88A18A2DF6B00EA3716 /* SelectedTableCellGradient.png */,
				1B17E88B18A2DF6B00EA3716 /* StoreButton.png */,
				1B17E88C18A2DF6B00EA3716 /* StoreButton@2x.png */,
				1B17E88D18A2DF6B00EA3716 /* TableCellGradient.png */,
			);
			path = Images;
			sourceTree = "<group>";
		};
		1BB34F0918A213850082F53A = {
			isa = PBXGroup;
			children = (
				1BEAA83618A3237C003F755E /* AFNetworking */,
				1B17E87E18A2DF6B00EA3716 /* Images */,
				1BB34F1D18A213850082F53A /* StoreSearch */,
				1BB34F3A18A213860082F53A /* StoreSearchTests */,
				1BB34F1418A213850082F53A /* Frameworks */,
				1BB34F1318A213850082F53A /* Products */,
			);
			sourceTree = "<group>";
		};
		1BB34F1318A213850082F53A /* Products */ = {
			isa = PBXGroup;
			children = (
				1BB34F1218A213850082F53A /* StoreSearch.app */,
				1BB34F3218A213860082F53A /* StoreSearchTests.xctest */,
			);
			name = Products;
			sourceTree = "<group>";
		};
		1BB34F1418A213850082F53A /* Frameworks */ = {
			isa = PBXGroup;
			children = (
				1BB34F1518A213850082F53A /* Foundation.framework */,
				1BB34F1718A213850082F53A /* CoreGraphics.framework */,
				1BB34F1918A213850082F53A /* UIKit.framework */,
				1BB34F1B18A213850082F53A /* CoreData.framework */,
				1BB34F3318A213860082F53A /* XCTest.framework */,
			);
			name = Frameworks;
			sourceTree = "<group>";
		};
		1BB34F1D18A213850082F53A /* StoreSearch */ = {
			isa = PBXGroup;
			children = (
				1BB34F2618A213850082F53A /* AppDelegate.h */,
				1BB34F2718A213850082F53A /* AppDelegate.m */,
				1B17E87B18A2C25200EA3716 /* SearchResult.h */,
				1B17E87C18A2C25200EA3716 /* SearchResult.m */,
				1BB34F4A18A213CC0082F53A /* SearchViewController.h */,
				1BB34F4B18A213CC0082F53A /* SearchViewController.m */,
				1BB34F4C18A213CC0082F53A /* SearchViewController.xib */,
				1B17E89F18A2E8B200EA3716 /* SearchResultCell.h */,
				1B17E8A018A2E8B200EA3716 /* SearchResultCell.m */,
				1B17E89D18A2E0CC00EA3716 /* SearchResultCell.xib */,
				1BEAA83218A2F8BF003F755E /* NothingFoundCell.xib */,
				1BEAA83418A31A05003F755E /* LoadingCell.xib */,
				1BB34F2C18A213850082F53A /* Images.xcassets */,
				1BB34F2918A213850082F53A /* StoreSearch.xcdatamodeld */,
				1BB34F1E18A213850082F53A /* Supporting Files */,
			);
			path = StoreSearch;
			sourceTree = "<group>";
		};
		1BB34F1E18A213850082F53A /* Supporting Files */ = {
			isa = PBXGroup;
			children = (
				1BB34F1F18A213850082F53A /* StoreSearch-Info.plist */,
				1BB34F2018A213850082F53A /* InfoPlist.strings */,
				1BB34F2318A213850082F53A /* main.m */,
				1BB34F2518A213850082F53A /* StoreSearch-Prefix.pch */,
			);
			name = "Supporting Files";
			sourceTree = "<group>";
		};
		1BB34F3A18A213860082F53A /* StoreSearchTests */ = {
			isa = PBXGroup;
			children = (
				1BB34F4018A213860082F53A /* StoreSearchTests.m */,
				1BB34F3B18A213860082F53A /* Supporting Files */,
			);
			path = StoreSearchTests;
			sourceTree = "<group>";
		};
		1BB34F3B18A213860082F53A /* Supporting Files */ = {
			isa = PBXGroup;
			children = (
				1BB34F3C18A213860082F53A /* StoreSearchTests-Info.plist */,
				1BB34F3D18A213860082F53A /* InfoPlist.strings */,
			);
			name = "Supporting Files";
			sourceTree = "<group>";
		};
		1BEAA83618A3237C003F755E /* AFNetworking */ = {
			isa = PBXGroup;
			children = (
				1BEAA83718A3237C003F755E /* AFHTTPClient.h */,
				1BEAA83818A3237C003F755E /* AFHTTPClient.m */,
				1BEAA83918A3237C003F755E /* AFHTTPRequestOperation.h */,
				1BEAA83A18A3237C003F755E /* AFHTTPRequestOperation.m */,
				1BEAA83B18A3237C003F755E /* AFImageCache.h */,
				1BEAA83C18A3237C003F755E /* AFImageCache.m */,
				1BEAA83D18A3237C003F755E /* AFImageRequestOperation.h */,
				1BEAA83E18A3237C003F755E /* AFImageRequestOperation.m */,
				1BEAA83F18A3237C003F755E /* AFJSONRequestOperation.h */,
				1BEAA84018A3237C003F755E /* AFJSONRequestOperation.m */,
				1BEAA84118A3237C003F755E /* AFJSONUtilities.h */,
				1BEAA84218A3237C003F755E /* AFNetworkActivityIndicatorManager.h */,
				1BEAA84318A3237C003F755E /* AFNetworkActivityIndicatorManager.m */,
				1BEAA84418A3237C003F755E /* AFNetworking.h */,
				1BEAA84518A3237C003F755E /* AFPropertyListRequestOperation.h */,
				1BEAA84618A3237C003F755E /* AFPropertyListRequestOperation.m */,
				1BEAA84718A3237C003F755E /* AFURLConnectionOperation.h */,
				1BEAA84818A3237C003F755E /* AFURLConnectionOperation.m */,
				1BEAA84918A3237C003F755E /* AFXMLRequestOperation.h */,
				1BEAA84A18A3237C003F755E /* AFXMLRequestOperation.m */,
				1BEAA84B18A3237C003F755E /* UIImageView+AFNetworking.h */,
				1BEAA84C18A3237C003F755E /* UIImageView+AFNetworking.m */,
			);
			path = AFNetworking;
			sourceTree = "<group>";
		};
/* End PBXGroup section */

/* Begin PBXNativeTarget section */
		1BB34F1118A213850082F53A /* StoreSearch */ = {
			isa = PBXNativeTarget;
			buildConfigurationList = 1BB34F4418A213860082F53A /* Build configuration list for PBXNativeTarget "StoreSearch" */;
			buildPhases = (
				1BB34F0E18A213850082F53A /* Sources */,
				1BB34F0F18A213850082F53A /* Frameworks */,
				1BB34F1018A213850082F53A /* Resources */,
			);
			buildRules = (
			);
			dependencies = (
			);
			name = StoreSearch;
			productName = StoreSearch;
			productReference = 1BB34F1218A213850082F53A /* StoreSearch.app */;
			productType = "com.apple.product-type.application";
		};
		1BB34F3118A213860082F53A /* StoreSearchTests */ = {
			isa = PBXNativeTarget;
			buildConfigurationList = 1BB34F4718A213860082F53A /* Build configuration list for PBXNativeTarget "StoreSearchTests" */;
			buildPhases = (
				1BB34F2E18A213860082F53A /* Sources */,
				1BB34F2F18A213860082F53A /* Frameworks */,
				1BB34F3018A213860082F53A /* Resources */,
			);
			buildRules = (
			);
			dependencies = (
				1BB34F3918A213860082F53A /* PBXTargetDependency */,
			);
			name = StoreSearchTests;
			productName = StoreSearchTests;
			productReference = 1BB34F3218A213860082F53A /* StoreSearchTests.xctest */;
			productType = "com.apple.product-type.bundle.unit-test";
		};
/* End PBXNativeTarget section */

/* Begin PBXProject section */
		1BB34F0A18A213850082F53A /* Project object */ = {
			isa = PBXProject;
			attributes = {
				LastUpgradeCheck = 0500;
				ORGANIZATIONNAME = "org-honghao";
				TargetAttributes = {
					1BB34F3118A213860082F53A = {
						TestTargetID = 1BB34F1118A213850082F53A;
					};
				};
			};
			buildConfigurationList = 1BB34F0D18A213850082F53A /* Build configuration list for PBXProject "StoreSearch" */;
			compatibilityVersion = "Xcode 3.2";
			developmentRegion = English;
			hasScannedForEncodings = 0;
			knownRegions = (
				en,
			);
			mainGroup = 1BB34F0918A213850082F53A;
			productRefGroup = 1BB34F1318A213850082F53A /* Products */;
			projectDirPath = "";
			projectRoot = "";
			targets = (
				1BB34F1118A213850082F53A /* StoreSearch */,
				1BB34F3118A213860082F53A /* StoreSearchTests */,
			);
		};
/* End PBXProject section */

/* Begin PBXResourcesBuildPhase section */
		1BB34F1018A213850082F53A /* Resources */ = {
			isa = PBXResourcesBuildPhase;
			buildActionMask = 2147483647;
			files = (
				1B17E89018A2DF6B00EA3716 /* CloseButton.png in Resources */,
				1B17E88F18A2DF6B00EA3716 /* BarTexture@2x.png in Resources */,
				1B17E89618A2DF6B00EA3716 /* LandscapeButton@2x.png in Resources */,
				1BB34F2218A213850082F53A /* InfoPlist.strings in Resources */,
				1B17E89918A2DF6B00EA3716 /* SelectedTableCellGradient.png in Resources */,
				1B17E89718A2DF6B00EA3716 /* Placeholder.png in Resources */,
				1B17E89418A2DF6B00EA3716 /* LandscapeBackground.png in Resources */,
				1B17E89818A2DF6B00EA3716 /* Placeholder@2x.png in Resources */,
				1BEAA83318A2F8BF003F755E /* NothingFoundCell.xib in Resources */,
				1BB34F4E18A213CC0082F53A /* SearchViewController.xib in Resources */,
				1B17E89B18A2DF6B00EA3716 /* StoreButton@2x.png in Resources */,
				1B17E89C18A2DF6B00EA3716 /* TableCellGradient.png in Resources */,
				1BB34F2D18A213850082F53A /* Images.xcassets in Resources */,
				1B17E89518A2DF6B00EA3716 /* LandscapeButton.png in Resources */,
				1BEAA83518A31A05003F755E /* LoadingCell.xib in Resources */,
				1B17E89A18A2DF6B00EA3716 /* StoreButton.png in Resources */,
				1B17E89318A2DF6B00EA3716 /* DetailPlaceholder@2x.png in Resources */,
				1B17E89E18A2E0CC00EA3716 /* SearchResultCell.xib in Resources */,
				1B17E89118A2DF6B00EA3716 /* CloseButton@2x.png in Resources */,
				1B17E89218A2DF6B00EA3716 /* DetailPlaceholder.png in Resources */,
				1B17E88E18A2DF6B00EA3716 /* BarTexture.png in Resources */,
			);
			runOnlyForDeploymentPostprocessing = 0;
		};
		1BB34F3018A213860082F53A /* Resources */ = {
			isa = PBXResourcesBuildPhase;
			buildActionMask = 2147483647;
			files = (
				1BB34F3F18A213860082F53A /* InfoPlist.strings in Resources */,
			);
			runOnlyForDeploymentPostprocessing = 0;
		};
/* End PBXResourcesBuildPhase section */

/* Begin PBXSourcesBuildPhase section */
		1BB34F0E18A213850082F53A /* Sources */ = {
			isa = PBXSourcesBuildPhase;
			buildActionMask = 2147483647;
			files = (
				1BEAA85418A3237C003F755E /* AFURLConnectionOperation.m in Sources */,
				1BEAA85518A3237C003F755E /* AFXMLRequestOperation.m in Sources */,
				1BEAA85118A3237C003F755E /* AFJSONRequestOperation.m in Sources */,
				1B17E8A118A2E8B200EA3716 /* SearchResultCell.m in Sources */,
				1B17E87D18A2C25200EA3716 /* SearchResult.m in Sources */,
				1BB34F2818A213850082F53A /* AppDelegate.m in Sources */,
				1BB34F2418A213850082F53A /* main.m in Sources */,
				1BEAA84E18A3237C003F755E /* AFHTTPRequestOperation.m in Sources */,
				1BEAA84F18A3237C003F755E /* AFImageCache.m in Sources */,
				1BEAA85018A3237C003F755E /* AFImageRequestOperation.m in Sources */,
				1BEAA85218A3237C003F755E /* AFNetworkActivityIndicatorManager.m in Sources */,
				1BEAA85618A3237C003F755E /* UIImageView+AFNetworking.m in Sources */,
				1BB34F4D18A213CC0082F53A /* SearchViewController.m in Sources */,
				1BEAA84D18A3237C003F755E /* AFHTTPClient.m in Sources */,
				1BB34F2B18A213850082F53A /* StoreSearch.xcdatamodeld in Sources */,
				1BEAA85318A3237C003F755E /* AFPropertyListRequestOperation.m in Sources */,
			);
			runOnlyForDeploymentPostprocessing = 0;
		};
		1BB34F2E18A213860082F53A /* Sources */ = {
			isa = PBXSourcesBuildPhase;
			buildActionMask = 2147483647;
			files = (
				1BB34F4118A213860082F53A /* StoreSearchTests.m in Sources */,
			);
			runOnlyForDeploymentPostprocessing = 0;
		};
/* End PBXSourcesBuildPhase section */

/* Begin PBXTargetDependency section */
		1BB34F3918A213860082F53A /* PBXTargetDependency */ = {
			isa = PBXTargetDependency;
			target = 1BB34F1118A213850082F53A /* StoreSearch */;
			targetProxy = 1BB34F3818A213860082F53A /* PBXContainerItemProxy */;
		};
/* End PBXTargetDependency section */

/* Begin PBXVariantGroup section */
		1BB34F2018A213850082F53A /* InfoPlist.strings */ = {
			isa = PBXVariantGroup;
			children = (
				1BB34F2118A213850082F53A /* en */,
			);
			name = InfoPlist.strings;
			sourceTree = "<group>";
		};
		1BB34F3D18A213860082F53A /* InfoPlist.strings */ = {
			isa = PBXVariantGroup;
			children = (
				1BB34F3E18A213860082F53A /* en */,
			);
			name = InfoPlist.strings;
			sourceTree = "<group>";
		};
/* End PBXVariantGroup section */

/* Begin XCBuildConfiguration section */
		1BB34F4218A213860082F53A /* Debug */ = {
			isa = XCBuildConfiguration;
			buildSettings = {
				ALWAYS_SEARCH_USER_PATHS = NO;
				ARCHS = "$(ARCHS_STANDARD_INCLUDING_64_BIT)";
				CLANG_CXX_LANGUAGE_STANDARD = "gnu++0x";
				CLANG_CXX_LIBRARY = "libc++";
				CLANG_ENABLE_MODULES = YES;
				CLANG_ENABLE_OBJC_ARC = YES;
				CLANG_WARN_BOOL_CONVERSION = YES;
				CLANG_WARN_CONSTANT_CONVERSION = YES;
				CLANG_WARN_DIRECT_OBJC_ISA_USAGE = YES_ERROR;
				CLANG_WARN_EMPTY_BODY = YES;
				CLANG_WARN_ENUM_CONVERSION = YES;
				CLANG_WARN_INT_CONVERSION = YES;
				CLANG_WARN_OBJC_ROOT_CLASS = YES_ERROR;
				CLANG_WARN__DUPLICATE_METHOD_MATCH = YES;
				"CODE_SIGN_IDENTITY[sdk=iphoneos*]" = "iPhone Developer";
				COPY_PHASE_STRIP = NO;
				GCC_C_LANGUAGE_STANDARD = gnu99;
				GCC_DYNAMIC_NO_PIC = NO;
				GCC_OPTIMIZATION_LEVEL = 0;
				GCC_PREPROCESSOR_DEFINITIONS = (
					"DEBUG=1",
					"$(inherited)",
				);
				GCC_SYMBOLS_PRIVATE_EXTERN = NO;
				GCC_WARN_64_TO_32_BIT_CONVERSION = YES;
				GCC_WARN_ABOUT_RETURN_TYPE = YES_ERROR;
				GCC_WARN_UNDECLARED_SELECTOR = YES;
				GCC_WARN_UNINITIALIZED_AUTOS = YES;
				GCC_WARN_UNUSED_FUNCTION = YES;
				GCC_WARN_UNUSED_VARIABLE = YES;
				IPHONEOS_DEPLOYMENT_TARGET = 7.0;
				ONLY_ACTIVE_ARCH = YES;
				SDKROOT = iphoneos;
			};
			name = Debug;
		};
		1BB34F4318A213860082F53A /* Release */ = {
			isa = XCBuildConfiguration;
			buildSettings = {
				ALWAYS_SEARCH_USER_PATHS = NO;
				ARCHS = "$(ARCHS_STANDARD_INCLUDING_64_BIT)";
				CLANG_CXX_LANGUAGE_STANDARD = "gnu++0x";
				CLANG_CXX_LIBRARY = "libc++";
				CLANG_ENABLE_MODULES = YES;
				CLANG_ENABLE_OBJC_ARC = YES;
				CLANG_WARN_BOOL_CONVERSION = YES;
				CLANG_WARN_CONSTANT_CONVERSION = YES;
				CLANG_WARN_DIRECT_OBJC_ISA_USAGE = YES_ERROR;
				CLANG_WARN_EMPTY_BODY = YES;
				CLANG_WARN_ENUM_CONVERSION = YES;
				CLANG_WARN_INT_CONVERSION = YES;
				CLANG_WARN_OBJC_ROOT_CLASS = YES_ERROR;
				CLANG_WARN__DUPLICATE_METHOD_MATCH = YES;
				"CODE_SIGN_IDENTITY[sdk=iphoneos*]" = "iPhone Developer";
				COPY_PHASE_STRIP = YES;
				ENABLE_NS_ASSERTIONS = NO;
				GCC_C_LANGUAGE_STANDARD = gnu99;
				GCC_WARN_64_TO_32_BIT_CONVERSION = YES;
				GCC_WARN_ABOUT_RETURN_TYPE = YES_ERROR;
				GCC_WARN_UNDECLARED_SELECTOR = YES;
				GCC_WARN_UNINITIALIZED_AUTOS = YES;
				GCC_WARN_UNUSED_FUNCTION = YES;
				GCC_WARN_UNUSED_VARIABLE = YES;
				IPHONEOS_DEPLOYMENT_TARGET = 7.0;
				SDKROOT = iphoneos;
				VALIDATE_PRODUCT = YES;
			};
			name = Release;
		};
		1BB34F4518A213860082F53A /* Debug */ = {
			isa = XCBuildConfiguration;
			buildSettings = {
				ASSETCATALOG_COMPILER_APPICON_NAME = AppIcon;
				ASSETCATALOG_COMPILER_LAUNCHIMAGE_NAME = LaunchImage;
				GCC_PRECOMPILE_PREFIX_HEADER = YES;
				GCC_PREFIX_HEADER = "StoreSearch/StoreSearch-Prefix.pch";
				INFOPLIST_FILE = "StoreSearch/StoreSearch-Info.plist";
				PRODUCT_NAME = "$(TARGET_NAME)";
				WRAPPER_EXTENSION = app;
			};
			name = Debug;
		};
		1BB34F4618A213860082F53A /* Release */ = {
			isa = XCBuildConfiguration;
			buildSettings = {
				ASSETCATALOG_COMPILER_APPICON_NAME = AppIcon;
				ASSETCATALOG_COMPILER_LAUNCHIMAGE_NAME = LaunchImage;
				GCC_PRECOMPILE_PREFIX_HEADER = YES;
				GCC_PREFIX_HEADER = "StoreSearch/StoreSearch-Prefix.pch";
				INFOPLIST_FILE = "StoreSearch/StoreSearch-Info.plist";
				PRODUCT_NAME = "$(TARGET_NAME)";
				WRAPPER_EXTENSION = app;
			};
			name = Release;
		};
		1BB34F4818A213860082F53A /* Debug */ = {
			isa = XCBuildConfiguration;
			buildSettings = {
				ARCHS = "$(ARCHS_STANDARD_INCLUDING_64_BIT)";
				BUNDLE_LOADER = "$(BUILT_PRODUCTS_DIR)/StoreSearch.app/StoreSearch";
				FRAMEWORK_SEARCH_PATHS = (
					"$(SDKROOT)/Developer/Library/Frameworks",
					"$(inherited)",
					"$(DEVELOPER_FRAMEWORKS_DIR)",
				);
				GCC_PRECOMPILE_PREFIX_HEADER = YES;
				GCC_PREFIX_HEADER = "StoreSearch/StoreSearch-Prefix.pch";
				GCC_PREPROCESSOR_DEFINITIONS = (
					"DEBUG=1",
					"$(inherited)",
				);
				INFOPLIST_FILE = "StoreSearchTests/StoreSearchTests-Info.plist";
				PRODUCT_NAME = "$(TARGET_NAME)";
				TEST_HOST = "$(BUNDLE_LOADER)";
				WRAPPER_EXTENSION = xctest;
			};
			name = Debug;
		};
		1BB34F4918A213860082F53A /* Release */ = {
			isa = XCBuildConfiguration;
			buildSettings = {
				ARCHS = "$(ARCHS_STANDARD_INCLUDING_64_BIT)";
				BUNDLE_LOADER = "$(BUILT_PRODUCTS_DIR)/StoreSearch.app/StoreSearch";
				FRAMEWORK_SEARCH_PATHS = (
					"$(SDKROOT)/Developer/Library/Frameworks",
					"$(inherited)",
					"$(DEVELOPER_FRAMEWORKS_DIR)",
				);
				GCC_PRECOMPILE_PREFIX_HEADER = YES;
				GCC_PREFIX_HEADER = "StoreSearch/StoreSearch-Prefix.pch";
				INFOPLIST_FILE = "StoreSearchTests/StoreSearchTests-Info.plist";
				PRODUCT_NAME = "$(TARGET_NAME)";
				TEST_HOST = "$(BUNDLE_LOADER)";
				WRAPPER_EXTENSION = xctest;
			};
			name = Release;
		};
/* End XCBuildConfiguration section */

/* Begin XCConfigurationList section */
		1BB34F0D18A213850082F53A /* Build configuration list for PBXProject "StoreSearch" */ = {
			isa = XCConfigurationList;
			buildConfigurations = (
				1BB34F4218A213860082F53A /* Debug */,
				1BB34F4318A213860082F53A /* Release */,
			);
			defaultConfigurationIsVisible = 0;
			defaultConfigurationName = Release;
		};
		1BB34F4418A213860082F53A /* Build configuration list for PBXNativeTarget "StoreSearch" */ = {
			isa = XCConfigurationList;
			buildConfigurations = (
				1BB34F4518A213860082F53A /* Debug */,
				1BB34F4618A213860082F53A /* Release */,
			);
			defaultConfigurationIsVisible = 0;
			defaultConfigurationName = Release;
		};
		1BB34F4718A213860082F53A /* Build configuration list for PBXNativeTarget "StoreSearchTests" */ = {
			isa = XCConfigurationList;
			buildConfigurations = (
				1BB34F4818A213860082F53A /* Debug */,
				1BB34F4918A213860082F53A /* Release */,
			);
			defaultConfigurationIsVisible = 0;
			defaultConfigurationName = Release;
		};
/* End XCConfigurationList section */

/* Begin XCVersionGroup section */
		1BB34F2918A213850082F53A /* StoreSearch.xcdatamodeld */ = {
			isa = XCVersionGroup;
			children = (
				1BB34F2A18A213850082F53A /* StoreSearch.xcdatamodel */,
			);
			currentVersion = 1BB34F2A18A213850082F53A /* StoreSearch.xcdatamodel */;
			path = StoreSearch.xcdatamodeld;
			sourceTree = "<group>";
			versionGroupType = wrapper.xcdatamodel;
		};
/* End XCVersionGroup section */
	};
	rootObject = 1BB34F0A18A213850082F53A /* Project object */;
}
